
Microsoft Visual Studio Solution File, Format Version 12.00
# Visual Studio 15
VisualStudioVersion = 15.0.27130.2036
MinimumVisualStudioVersion = 10.0.40219.1
Project("{FAE04EC0-301F-11D3-BF4B-00C04F79EFBC}") = "Kata.YahtzeeGame", "Kata.YahtzeeGame\Kata.YahtzeeGame.csproj", "{9385F917-73CC-4D77-872B-551C2FEB8CBD}"
EndProject
Global
	GlobalSection(SolutionConfigurationPlatforms) = preSolution
		Debug|Any CPU = Debug|Any CPU
		Release|Any CPU = Release|Any CPU
	EndGlobalSection
	GlobalSection(ProjectConfigurationPlatforms) = postSolution
		{9385F917-73CC-4D77-872B-551C2FEB8CBD}.Debug|Any CPU.ActiveCfg = Debug|Any CPU
		{9385F917-73CC-4D77-872B-551C2FEB8CBD}.Debug|Any CPU.Build.0 = Debug|Any CPU
		{9385F917-73CC-4D77-872B-551C2FEB8CBD}.Release|Any CPU.ActiveCfg = Release|Any CPU
		{9385F917-73CC-4D77-872B-551C2FEB8CBD}.Release|Any CPU.Build.0 = Release|Any CPU
	EndGlobalSection
	GlobalSection(SolutionProperties) = preSolution
		HideSolutionNode = FALSE
	EndGlobalSection
	GlobalSection(ExtensibilityGlobals) = postSolution
		SolutionGuid = {D877A87F-86E5-44E4-BE05-6078A0585BE9}
	EndGlobalSection
EndGlobal
